// !$*UTF8*$!
{
	archiveVersion = 1;
	classes = {
	};
	objectVersion = 77;
	objects = {

/* Begin PBXContainerItemProxy section */
		FC49BD702D7C4EAA005D2426 /* PBXContainerItemProxy */ = {
			isa = PBXContainerItemProxy;
			containerPortal = FC49BD522D7C4EA9005D2426 /* Project object */;
			proxyType = 1;
			remoteGlobalIDString = FC49BD592D7C4EA9005D2426;
			remoteInfo = technical_test;
		};
		FC49BD7A2D7C4EAA005D2426 /* PBXContainerItemProxy */ = {
			isa = PBXContainerItemProxy;
			containerPortal = FC49BD522D7C4EA9005D2426 /* Project object */;
			proxyType = 1;
			remoteGlobalIDString = FC49BD592D7C4EA9005D2426;
			remoteInfo = technical_test;
		};
/* End PBXContainerItemProxy section */

/* Begin PBXFileReference section */
		FC49BD5A2D7C4EA9005D2426 /* technical_test.app */ = {isa = PBXFileReference; explicitFileType = wrapper.application; includeInIndex = 0; path = technical_test.app; sourceTree = BUILT_PRODUCTS_DIR; };
		FC49BD6F2D7C4EAA005D2426 /* technical_testTests.xctest */ = {isa = PBXFileReference; explicitFileType = wrapper.cfbundle; includeInIndex = 0; path = technical_testTests.xctest; sourceTree = BUILT_PRODUCTS_DIR; };
		FC49BD792D7C4EAA005D2426 /* technical_testUITests.xctest */ = {isa = PBXFileReference; explicitFileType = wrapper.cfbundle; includeInIndex = 0; path = technical_testUITests.xctest; sourceTree = BUILT_PRODUCTS_DIR; };
/* End PBXFileReference section */

/* Begin PBXFileSystemSynchronizedRootGroup section */
		FC49BD5C2D7C4EA9005D2426 /* technical_test */ = {
			isa = PBXFileSystemSynchronizedRootGroup;
			path = technical_test;
			sourceTree = "<group>";
		};
		FC49BD722D7C4EAA005D2426 /* technical_testTests */ = {
			isa = PBXFileSystemSynchronizedRootGroup;
			path = technical_testTests;
			sourceTree = "<group>";
		};
		FC49BD7C2D7C4EAA005D2426 /* technical_testUITests */ = {
			isa = PBXFileSystemSynchronizedRootGroup;
			path = technical_testUITests;
			sourceTree = "<group>";
		};
/* End PBXFileSystemSynchronizedRootGroup section */

/* Begin PBXFrameworksBuildPhase section */
		FC49BD572D7C4EA9005D2426 /* Frameworks */ = {
			isa = PBXFrameworksBuildPhase;
			buildActionMask = 2147483647;
			files = (
			);
			runOnlyForDeploymentPostprocessing = 0;
		};
		FC49BD6C2D7C4EAA005D2426 /* Frameworks */ = {
			isa = PBXFrameworksBuildPhase;
			buildActionMask = 2147483647;
			files = (
			);
			runOnlyForDeploymentPostprocessing = 0;
		};
		FC49BD762D7C4EAA005D2426 /* Frameworks */ = {
			isa = PBXFrameworksBuildPhase;
			buildActionMask = 2147483647;
			files = (
			);
			runOnlyForDeploymentPostprocessing = 0;
		};
/* End PBXFrameworksBuildPhase section */

/* Begin PBXGroup section */
		FC49BD512D7C4EA9005D2426 = {
			isa = PBXGroup;
			children = (
				FC49BD5C2D7C4EA9005D2426 /* technical_test */,
				FC49BD722D7C4EAA005D2426 /* technical_testTests */,
				FC49BD7C2D7C4EAA005D2426 /* technical_testUITests */,
				FC49BD5B2D7C4EA9005D2426 /* Products */,
			);
			sourceTree = "<group>";
		};
		FC49BD5B2D7C4EA9005D2426 /* Products */ = {
			isa = PBXGroup;
			children = (
				FC49BD5A2D7C4EA9005D2426 /* technical_test.app */,
				FC49BD6F2D7C4EAA005D2426 /* technical_testTests.xctest */,
				FC49BD792D7C4EAA005D2426 /* technical_testUITests.xctest */,
			);
			name = Products;
			sourceTree = "<group>";
		};
/* End PBXGroup section */

/* Begin PBXNativeTarget section */
		FC49BD592D7C4EA9005D2426 /* technical_test */ = {
			isa = PBXNativeTarget;
			buildConfigurationList = FC49BD832D7C4EAA005D2426 /* Build configuration list for PBXNativeTarget "technical_test" */;
			buildPhases = (
				FC49BD562D7C4EA9005D2426 /* Sources */,
				FC49BD572D7C4EA9005D2426 /* Frameworks */,
				FC49BD582D7C4EA9005D2426 /* Resources */,
			);
			buildRules = (
			);
			dependencies = (
			);
			fileSystemSynchronizedGroups = (
				FC49BD5C2D7C4EA9005D2426 /* technical_test */,
			);
			name = technical_test;
			packageProductDependencies = (
			);
			productName = technical_test;
			productReference = FC49BD5A2D7C4EA9005D2426 /* technical_test.app */;
			productType = "com.apple.product-type.application";
		};
		FC49BD6E2D7C4EAA005D2426 /* technical_testTests */ = {
			isa = PBXNativeTarget;
			buildConfigurationList = FC49BD862D7C4EAA005D2426 /* Build configuration list for PBXNativeTarget "technical_testTests" */;
			buildPhases = (
				FC49BD6B2D7C4EAA005D2426 /* Sources */,
				FC49BD6C2D7C4EAA005D2426 /* Frameworks */,
				FC49BD6D2D7C4EAA005D2426 /* Resources */,
			);
			buildRules = (
			);
			dependencies = (
				FC49BD712D7C4EAA005D2426 /* PBXTargetDependency */,
			);
			fileSystemSynchronizedGroups = (
				FC49BD722D7C4EAA005D2426 /* technical_testTests */,
			);
			name = technical_testTests;
			packageProductDependencies = (
			);
			productName = technical_testTests;
			productReference = FC49BD6F2D7C4EAA005D2426 /* technical_testTests.xctest */;
			productType = "com.apple.product-type.bundle.unit-test";
		};
		FC49BD782D7C4EAA005D2426 /* technical_testUITests */ = {
			isa = PBXNativeTarget;
			buildConfigurationList = FC49BD892D7C4EAA005D2426 /* Build configuration list for PBXNativeTarget "technical_testUITests" */;
			buildPhases = (
				FC49BD752D7C4EAA005D2426 /* Sources */,
				FC49BD762D7C4EAA005D2426 /* Frameworks */,
				FC49BD772D7C4EAA005D2426 /* Resources */,
			);
			buildRules = (
			);
			dependencies = (
				FC49BD7B2D7C4EAA005D2426 /* PBXTargetDependency */,
			);
			fileSystemSynchronizedGroups = (
				FC49BD7C2D7C4EAA005D2426 /* technical_testUITests */,
			);
			name = technical_testUITests;
			packageProductDependencies = (
			);
			productName = technical_testUITests;
			productReference = FC49BD792D7C4EAA005D2426 /* technical_testUITests.xctest */;
			productType = "com.apple.product-type.bundle.ui-testing";
		};
/* End PBXNativeTarget section */

/* Begin PBXProject section */
		FC49BD522D7C4EA9005D2426 /* Project object */ = {
			isa = PBXProject;
			attributes = {
				BuildIndependentTargetsInParallel = 1;
				LastSwiftUpdateCheck = 1620;
				LastUpgradeCheck = 1620;
				TargetAttributes = {
					FC49BD592D7C4EA9005D2426 = {
						CreatedOnToolsVersion = 16.2;
					};
					FC49BD6E2D7C4EAA005D2426 = {
						CreatedOnToolsVersion = 16.2;
						TestTargetID = FC49BD592D7C4EA9005D2426;
					};
					FC49BD782D7C4EAA005D2426 = {
						CreatedOnToolsVersion = 16.2;
						TestTargetID = FC49BD592D7C4EA9005D2426;
					};
				};
			};
			buildConfigurationList = FC49BD552D7C4EA9005D2426 /* Build configuration list for PBXProject "technical_test" */;
			developmentRegion = en;
			hasScannedForEncodings = 0;
			knownRegions = (
				en,
				Base,
			);
			mainGroup = FC49BD512D7C4EA9005D2426;
			minimizedProjectReferenceProxies = 1;
			preferredProjectObjectVersion = 77;
			productRefGroup = FC49BD5B2D7C4EA9005D2426 /* Products */;
			projectDirPath = "";
			projectRoot = "";
			targets = (
				FC49BD592D7C4EA9005D2426 /* technical_test */,
				FC49BD6E2D7C4EAA005D2426 /* technical_testTests */,
				FC49BD782D7C4EAA005D2426 /* technical_testUITests */,
			);
		};
/* End PBXProject section */

/* Begin PBXResourcesBuildPhase section */
		FC49BD582D7C4EA9005D2426 /* Resources */ = {
			isa = PBXResourcesBuildPhase;
			buildActionMask = 2147483647;
			files = (
			);
			runOnlyForDeploymentPostprocessing = 0;
		};
		FC49BD6D2D7C4EAA005D2426 /* Resources */ = {
			isa = PBXResourcesBuildPhase;
			buildActionMask = 2147483647;
			files = (
			);
			runOnlyForDeploymentPostprocessing = 0;
		};
		FC49BD772D7C4EAA005D2426 /* Resources */ = {
			isa = PBXResourcesBuildPhase;
			buildActionMask = 2147483647;
			files = (
			);
			runOnlyForDeploymentPostprocessing = 0;
		};
/* End PBXResourcesBuildPhase section */

/* Begin PBXSourcesBuildPhase section */
		FC49BD562D7C4EA9005D2426 /* Sources */ = {
			isa = PBXSourcesBuildPhase;
			buildActionMask = 2147483647;
			files = (
			);
			runOnlyForDeploymentPostprocessing = 0;
		};
		FC49BD6B2D7C4EAA005D2426 /* Sources */ = {
			isa = PBXSourcesBuildPhase;
			buildActionMask = 2147483647;
			files = (
			);
			runOnlyForDeploymentPostprocessing = 0;
		};
		FC49BD752D7C4EAA005D2426 /* Sources */ = {
			isa = PBXSourcesBuildPhase;
			buildActionMask = 2147483647;
			files = (
			);
			runOnlyForDeploymentPostprocessing = 0;
		};
/* End PBXSourcesBuildPhase section */

/* Begin PBXTargetDependency section */
		FC49BD712D7C4EAA005D2426 /* PBXTargetDependency */ = {
			isa = PBXTargetDependency;
			target = FC49BD592D7C4EA9005D2426 /* technical_test */;
			targetProxy = FC49BD702D7C4EAA005D2426 /* PBXContainerItemProxy */;
		};
		FC49BD7B2D7C4EAA005D2426 /* PBXTargetDependency */ = {
			isa = PBXTargetDependency;
			target = FC49BD592D7C4EA9005D2426 /* technical_test */;
			targetProxy = FC49BD7A2D7C4EAA005D2426 /* PBXContainerItemProxy */;
		};
/* End PBXTargetDependency section */

/* Begin XCBuildConfiguration section */
		FC49BD812D7C4EAA005D2426 /* Debug */ = {
			isa = XCBuildConfiguration;
			buildSettings = {
				ALWAYS_SEARCH_USER_PATHS = NO;
				ASSETCATALOG_COMPILER_GENERATE_SWIFT_ASSET_SYMBOL_EXTENSIONS = YES;
				CLANG_ANALYZER_NONNULL = YES;
				CLANG_ANALYZER_NUMBER_OBJECT_CONVERSION = YES_AGGRESSIVE;
				CLANG_CXX_LANGUAGE_STANDARD = "gnu++20";
				CLANG_ENABLE_MODULES = YES;
				CLANG_ENABLE_OBJC_ARC = YES;
				CLANG_ENABLE_OBJC_WEAK = YES;
				CLANG_WARN_BLOCK_CAPTURE_AUTORELEASING = YES;
				CLANG_WARN_BOOL_CONVERSION = YES;
				CLANG_WARN_COMMA = YES;
				CLANG_WARN_CONSTANT_CONVERSION = YES;
				CLANG_WARN_DEPRECATED_OBJC_IMPLEMENTATIONS = YES;
				CLANG_WARN_DIRECT_OBJC_ISA_USAGE = YES_ERROR;
				CLANG_WARN_DOCUMENTATION_COMMENTS = YES;
				CLANG_WARN_EMPTY_BODY = YES;
				CLANG_WARN_ENUM_CONVERSION = YES;
				CLANG_WARN_INFINITE_RECURSION = YES;
				CLANG_WARN_INT_CONVERSION = YES;
				CLANG_WARN_NON_LITERAL_NULL_CONVERSION = YES;
				CLANG_WARN_OBJC_IMPLICIT_RETAIN_SELF = YES;
				CLANG_WARN_OBJC_LITERAL_CONVERSION = YES;
				CLANG_WARN_OBJC_ROOT_CLASS = YES_ERROR;
				CLANG_WARN_QUOTED_INCLUDE_IN_FRAMEWORK_HEADER = YES;
				CLANG_WARN_RANGE_LOOP_ANALYSIS = YES;
				CLANG_WARN_STRICT_PROTOTYPES = YES;
				CLANG_WARN_SUSPICIOUS_MOVE = YES;
				CLANG_WARN_UNGUARDED_AVAILABILITY = YES_AGGRESSIVE;
				CLANG_WARN_UNREACHABLE_CODE = YES;
				CLANG_WARN__DUPLICATE_METHOD_MATCH = YES;
				COPY_PHASE_STRIP = NO;
				DEBUG_INFORMATION_FORMAT = dwarf;
				ENABLE_STRICT_OBJC_MSGSEND = YES;
				ENABLE_TESTABILITY = YES;
				ENABLE_USER_SCRIPT_SANDBOXING = YES;
				GCC_C_LANGUAGE_STANDARD = gnu17;
				GCC_DYNAMIC_NO_PIC = NO;
				GCC_NO_COMMON_BLOCKS = YES;
				GCC_OPTIMIZATION_LEVEL = 0;
				GCC_PREPROCESSOR_DEFINITIONS = (
					"DEBUG=1",
					"$(inherited)",
				);
				GCC_WARN_64_TO_32_BIT_CONVERSION = YES;
				GCC_WARN_ABOUT_RETURN_TYPE = YES_ERROR;
				GCC_WARN_UNDECLARED_SELECTOR = YES;
				GCC_WARN_UNINITIALIZED_AUTOS = YES_AGGRESSIVE;
				GCC_WARN_UNUSED_FUNCTION = YES;
				GCC_WARN_UNUSED_VARIABLE = YES;
				IPHONEOS_DEPLOYMENT_TARGET = 18.2;
				LOCALIZATION_PREFERS_STRING_CATALOGS = YES;
				MTL_ENABLE_DEBUG_INFO = INCLUDE_SOURCE;
				MTL_FAST_MATH = YES;
				ONLY_ACTIVE_ARCH = YES;
				SDKROOT = iphoneos;
				SWIFT_ACTIVE_COMPILATION_CONDITIONS = "DEBUG $(inherited)";
				SWIFT_OPTIMIZATION_LEVEL = "-Onone";
			};
			name = Debug;
		};
		FC49BD822D7C4EAA005D2426 /* Release */ = {
			isa = XCBuildConfiguration;
			buildSettings = {
				ALWAYS_SEARCH_USER_PATHS = NO;
				ASSETCATALOG_COMPILER_GENERATE_SWIFT_ASSET_SYMBOL_EXTENSIONS = YES;
				CLANG_ANALYZER_NONNULL = YES;
				CLANG_ANALYZER_NUMBER_OBJECT_CONVERSION = YES_AGGRESSIVE;
				CLANG_CXX_LANGUAGE_STANDARD = "gnu++20";
				CLANG_ENABLE_MODULES = YES;
				CLANG_ENABLE_OBJC_ARC = YES;
				CLANG_ENABLE_OBJC_WEAK = YES;
				CLANG_WARN_BLOCK_CAPTURE_AUTORELEASING = YES;
				CLANG_WARN_BOOL_CONVERSION = YES;
				CLANG_WARN_COMMA = YES;
				CLANG_WARN_CONSTANT_CONVERSION = YES;
				CLANG_WARN_DEPRECATED_OBJC_IMPLEMENTATIONS = YES;
				CLANG_WARN_DIRECT_OBJC_ISA_USAGE = YES_ERROR;
				CLANG_WARN_DOCUMENTATION_COMMENTS = YES;
				CLANG_WARN_EMPTY_BODY = YES;
				CLANG_WARN_ENUM_CONVERSION = YES;
				CLANG_WARN_INFINITE_RECURSION = YES;
				CLANG_WARN_INT_CONVERSION = YES;
				CLANG_WARN_NON_LITERAL_NULL_CONVERSION = YES;
				CLANG_WARN_OBJC_IMPLICIT_RETAIN_SELF = YES;
				CLANG_WARN_OBJC_LITERAL_CONVERSION = YES;
				CLANG_WARN_OBJC_ROOT_CLASS = YES_ERROR;
				CLANG_WARN_QUOTED_INCLUDE_IN_FRAMEWORK_HEADER = YES;
				CLANG_WARN_RANGE_LOOP_ANALYSIS = YES;
				CLANG_WARN_STRICT_PROTOTYPES = YES;
				CLANG_WARN_SUSPICIOUS_MOVE = YES;
				CLANG_WARN_UNGUARDED_AVAILABILITY = YES_AGGRESSIVE;
				CLANG_WARN_UNREACHABLE_CODE = YES;
				CLANG_WARN__DUPLICATE_METHOD_MATCH = YES;
				COPY_PHASE_STRIP = NO;
				DEBUG_INFORMATION_FORMAT = "dwarf-with-dsym";
				ENABLE_NS_ASSERTIONS = NO;
				ENABLE_STRICT_OBJC_MSGSEND = YES;
				ENABLE_USER_SCRIPT_SANDBOXING = YES;
				GCC_C_LANGUAGE_STANDARD = gnu17;
				GCC_NO_COMMON_BLOCKS = YES;
				GCC_WARN_64_TO_32_BIT_CONVERSION = YES;
				GCC_WARN_ABOUT_RETURN_TYPE = YES_ERROR;
				GCC_WARN_UNDECLARED_SELECTOR = YES;
				GCC_WARN_UNINITIALIZED_AUTOS = YES_AGGRESSIVE;
				GCC_WARN_UNUSED_FUNCTION = YES;
				GCC_WARN_UNUSED_VARIABLE = YES;
				IPHONEOS_DEPLOYMENT_TARGET = 18.2;
				LOCALIZATION_PREFERS_STRING_CATALOGS = YES;
				MTL_ENABLE_DEBUG_INFO = NO;
				MTL_FAST_MATH = YES;
				SDKROOT = iphoneos;
				SWIFT_COMPILATION_MODE = wholemodule;
				VALIDATE_PRODUCT = YES;
			};
			name = Release;
		};
		FC49BD842D7C4EAA005D2426 /* Debug */ = {
			isa = XCBuildConfiguration;
			buildSettings = {
				ASSETCATALOG_COMPILER_APPICON_NAME = AppIcon;
				ASSETCATALOG_COMPILER_GLOBAL_ACCENT_COLOR_NAME = AccentColor;
				CODE_SIGN_STYLE = Automatic;
				CURRENT_PROJECT_VERSION = 1;
				DEVELOPMENT_ASSET_PATHS = "\"technical_test/Preview Content\"";
				DEVELOPMENT_TEAM = 56D5PMZ47U;
				ENABLE_PREVIEWS = YES;
				GENERATE_INFOPLIST_FILE = YES;
				INFOPLIST_KEY_UIApplicationSceneManifest_Generation = YES;
				INFOPLIST_KEY_UIApplicationSupportsIndirectInputEvents = YES;
				INFOPLIST_KEY_UILaunchScreen_Generation = YES;
				INFOPLIST_KEY_UISupportedInterfaceOrientations_iPad = "UIInterfaceOrientationPortrait UIInterfaceOrientationPortraitUpsideDown UIInterfaceOrientationLandscapeLeft UIInterfaceOrientationLandscapeRight";
				INFOPLIST_KEY_UISupportedInterfaceOrientations_iPhone = "UIInterfaceOrientationPortrait UIInterfaceOrientationLandscapeLeft UIInterfaceOrientationLandscapeRight";
				LD_RUNPATH_SEARCH_PATHS = (
					"$(inherited)",
					"@executable_path/Frameworks",
				);
				MARKETING_VERSION = 1.0;
				PRODUCT_BUNDLE_IDENTIFIER = "com.belhassenlimam.technical-test";
				PRODUCT_NAME = "$(TARGET_NAME)";
				SWIFT_EMIT_LOC_STRINGS = YES;
				SWIFT_VERSION = 5.0;
				TARGETED_DEVICE_FAMILY = "1,2";
			};
			name = Debug;
		};
		FC49BD852D7C4EAA005D2426 /* Release */ = {
			isa = XCBuildConfiguration;
			buildSettings = {
				ASSETCATALOG_COMPILER_APPICON_NAME = AppIcon;
				ASSETCATALOG_COMPILER_GLOBAL_ACCENT_COLOR_NAME = AccentColor;
				CODE_SIGN_STYLE = Automatic;
				CURRENT_PROJECT_VERSION = 1;
				DEVELOPMENT_ASSET_PATHS = "\"technical_test/Preview Content\"";
				DEVELOPMENT_TEAM = 56D5PMZ47U;
				ENABLE_PREVIEWS = YES;
				GENERATE_INFOPLIST_FILE = YES;
				INFOPLIST_KEY_UIApplicationSceneManifest_Generation = YES;
				INFOPLIST_KEY_UIApplicationSupportsIndirectInputEvents = YES;
				INFOPLIST_KEY_UILaunchScreen_Generation = YES;
				INFOPLIST_KEY_UISupportedInterfaceOrientations_iPad = "UIInterfaceOrientationPortrait UIInterfaceOrientationPortraitUpsideDown UIInterfaceOrientationLandscapeLeft UIInterfaceOrientationLandscapeRight";
				INFOPLIST_KEY_UISupportedInterfaceOrientations_iPhone = "UIInterfaceOrientationPortrait UIInterfaceOrientationLandscapeLeft UIInterfaceOrientationLandscapeRight";
				LD_RUNPATH_SEARCH_PATHS = (
					"$(inherited)",
					"@executable_path/Frameworks",
				);
				MARKETING_VERSION = 1.0;
				PRODUCT_BUNDLE_IDENTIFIER = "com.belhassenlimam.technical-test";
				PRODUCT_NAME = "$(TARGET_NAME)";
				SWIFT_EMIT_LOC_STRINGS = YES;
				SWIFT_VERSION = 5.0;
				TARGETED_DEVICE_FAMILY = "1,2";
			};
			name = Release;
		};
		FC49BD872D7C4EAA005D2426 /* Debug */ = {
			isa = XCBuildConfiguration;
			buildSettings = {
				BUNDLE_LOADER = "$(TEST_HOST)";
				CODE_SIGN_STYLE = Automatic;
				CURRENT_PROJECT_VERSION = 1;
				DEVELOPMENT_TEAM = 56D5PMZ47U;
				GENERATE_INFOPLIST_FILE = YES;
				IPHONEOS_DEPLOYMENT_TARGET = 18.2;
				MARKETING_VERSION = 1.0;
				PRODUCT_BUNDLE_IDENTIFIER = "com.belhassenlimam.technical-testTests";
				PRODUCT_NAME = "$(TARGET_NAME)";
				SWIFT_EMIT_LOC_STRINGS = NO;
				SWIFT_VERSION = 5.0;
				TARGETED_DEVICE_FAMILY = "1,2";
				TEST_HOST = "$(BUILT_PRODUCTS_DIR)/technical_test.app/$(BUNDLE_EXECUTABLE_FOLDER_PATH)/technical_test";
			};
			name = Debug;
		};
		FC49BD882D7C4EAA005D2426 /* Release */ = {
			isa = XCBuildConfiguration;
			buildSettings = {
				BUNDLE_LOADER = "$(TEST_HOST)";
				CODE_SIGN_STYLE = Automatic;
				CURRENT_PROJECT_VERSION = 1;
				DEVELOPMENT_TEAM = 56D5PMZ47U;
				GENERATE_INFOPLIST_FILE = YES;
				IPHONEOS_DEPLOYMENT_TARGET = 18.2;
				MARKETING_VERSION = 1.0;
				PRODUCT_BUNDLE_IDENTIFIER = "com.belhassenlimam.technical-testTests";
				PRODUCT_NAME = "$(TARGET_NAME)";
				SWIFT_EMIT_LOC_STRINGS = NO;
				SWIFT_VERSION = 5.0;
				TARGETED_DEVICE_FAMILY = "1,2";
				TEST_HOST = "$(BUILT_PRODUCTS_DIR)/technical_test.app/$(BUNDLE_EXECUTABLE_FOLDER_PATH)/technical_test";
			};
			name = Release;
		};
		FC49BD8A2D7C4EAA005D2426 /* Debug */ = {
			isa = XCBuildConfiguration;
			buildSettings = {
				CODE_SIGN_STYLE = Automatic;
				CURRENT_PROJECT_VERSION = 1;
				DEVELOPMENT_TEAM = 56D5PMZ47U;
				GENERATE_INFOPLIST_FILE = YES;
				MARKETING_VERSION = 1.0;
				PRODUCT_BUNDLE_IDENTIFIER = "com.belhassenlimam.technical-testUITests";
				PRODUCT_NAME = "$(TARGET_NAME)";
				SWIFT_EMIT_LOC_STRINGS = NO;
				SWIFT_VERSION = 5.0;
				TARGETED_DEVICE_FAMILY = "1,2";
				TEST_TARGET_NAME = technical_test;
			};
			name = Debug;
		};
		FC49BD8B2D7C4EAA005D2426 /* Release */ = {
			isa = XCBuildConfiguration;
			buildSettings = {
				CODE_SIGN_STYLE = Automatic;
				CURRENT_PROJECT_VERSION = 1;
				DEVELOPMENT_TEAM = 56D5PMZ47U;
				GENERATE_INFOPLIST_FILE = YES;
				MARKETING_VERSION = 1.0;
				PRODUCT_BUNDLE_IDENTIFIER = "com.belhassenlimam.technical-testUITests";
				PRODUCT_NAME = "$(TARGET_NAME)";
				SWIFT_EMIT_LOC_STRINGS = NO;
				SWIFT_VERSION = 5.0;
				TARGETED_DEVICE_FAMILY = "1,2";
				TEST_TARGET_NAME = technical_test;
			};
			name = Release;
		};
/* End XCBuildConfiguration section */

/* Begin XCConfigurationList section */
		FC49BD552D7C4EA9005D2426 /* Build configuration list for PBXProject "technical_test" */ = {
			isa = XCConfigurationList;
			buildConfigurations = (
				FC49BD812D7C4EAA005D2426 /* Debug */,
				FC49BD822D7C4EAA005D2426 /* Release */,
			);
			defaultConfigurationIsVisible = 0;
			defaultConfigurationName = Release;
		};
		FC49BD832D7C4EAA005D2426 /* Build configuration list for PBXNativeTarget "technical_test" */ = {
			isa = XCConfigurationList;
			buildConfigurations = (
				FC49BD842D7C4EAA005D2426 /* Debug */,
				FC49BD852D7C4EAA005D2426 /* Release */,
			);
			defaultConfigurationIsVisible = 0;
			defaultConfigurationName = Release;
		};
		FC49BD862D7C4EAA005D2426 /* Build configuration list for PBXNativeTarget "technical_testTests" */ = {
			isa = XCConfigurationList;
			buildConfigurations = (
				FC49BD872D7C4EAA005D2426 /* Debug */,
				FC49BD882D7C4EAA005D2426 /* Release */,
			);
			defaultConfigurationIsVisible = 0;
			defaultConfigurationName = Release;
		};
		FC49BD892D7C4EAA005D2426 /* Build configuration list for PBXNativeTarget "technical_testUITests" */ = {
			isa = XCConfigurationList;
			buildConfigurations = (
				FC49BD8A2D7C4EAA005D2426 /* Debug */,
				FC49BD8B2D7C4EAA005D2426 /* Release */,
			);
			defaultConfigurationIsVisible = 0;
			defaultConfigurationName = Release;
		};
/* End XCConfigurationList section */
	};
	rootObject = FC49BD522D7C4EA9005D2426 /* Project object */;
}
